// !$*UTF8*$!
{
	archiveVersion = 1;
	classes = {
	};
	objectVersion = 46;
	objects = {

/* Begin PBXBuildFile section */
		3B08C2891DB531A2003F3B7D /* FBSDKCoreKit.framework in Frameworks */ = {isa = PBXBuildFile; fileRef = 3B08C2851DB531A1003F3B7D /* FBSDKCoreKit.framework */; };
		3B08C28A1DB531A2003F3B7D /* FBSDKLoginKit.framework in Frameworks */ = {isa = PBXBuildFile; fileRef = 3B08C2861DB531A1003F3B7D /* FBSDKLoginKit.framework */; };
		3B21BBC51DF3B01700B888B7 /* Assets.xcassets in Resources */ = {isa = PBXBuildFile; fileRef = 3B21BBC41DF3B01700B888B7 /* Assets.xcassets */; };
		3B2A49F71DE10609002A8696 /* SidePanelViewController.swift in Sources */ = {isa = PBXBuildFile; fileRef = 3B2A49F61DE10608002A8696 /* SidePanelViewController.swift */; };
		3B2A49F91DE10897002A8696 /* SidePanelCell.swift in Sources */ = {isa = PBXBuildFile; fileRef = 3B2A49F81DE10897002A8696 /* SidePanelCell.swift */; };
		3B2A4A051DE150DF002A8696 /* ArchiveCustomCell.swift in Sources */ = {isa = PBXBuildFile; fileRef = 3B2A4A001DE150DF002A8696 /* ArchiveCustomCell.swift */; };
		3B2A4A061DE150DF002A8696 /* CoordinatingCustomCell.swift in Sources */ = {isa = PBXBuildFile; fileRef = 3B2A4A011DE150DF002A8696 /* CoordinatingCustomCell.swift */; };
		3B2A4A071DE150DF002A8696 /* InvitedCustomCell.swift in Sources */ = {isa = PBXBuildFile; fileRef = 3B2A4A021DE150DF002A8696 /* InvitedCustomCell.swift */; };
		3B2A4A081DE150DF002A8696 /* MyTeeUpsUITabBarController.swift in Sources */ = {isa = PBXBuildFile; fileRef = 3B2A4A031DE150DF002A8696 /* MyTeeUpsUITabBarController.swift */; };
		3B2A4A091DE150DF002A8696 /* MyTeeUpViewController.swift in Sources */ = {isa = PBXBuildFile; fileRef = 3B2A4A041DE150DF002A8696 /* MyTeeUpViewController.swift */; };
		3B2A4A0B1DE7C0A1002A8696 /* ModelController.swift in Sources */ = {isa = PBXBuildFile; fileRef = 3B2A4A0A1DE7C0A0002A8696 /* ModelController.swift */; };
		3B3781781DF3073200F51DD3 /* TeeUpViewController.swift in Sources */ = {isa = PBXBuildFile; fileRef = 3B3781771DF3073200F51DD3 /* TeeUpViewController.swift */; };
		3B417AB21DB258A800D14360 /* Reachability.swift in Sources */ = {isa = PBXBuildFile; fileRef = 3B417AB11DB258A800D14360 /* Reachability.swift */; };
		3B417AB61DB258D600D14360 /* LoginViewController.swift in Sources */ = {isa = PBXBuildFile; fileRef = 3B417AB31DB258D600D14360 /* LoginViewController.swift */; };
		3B417AB71DB258D600D14360 /* SignUpViewController.swift in Sources */ = {isa = PBXBuildFile; fileRef = 3B417AB41DB258D600D14360 /* SignUpViewController.swift */; };
		3B417AB81DB258D600D14360 /* ForgotUsernameOrPasswordVC.swift in Sources */ = {isa = PBXBuildFile; fileRef = 3B417AB51DB258D600D14360 /* ForgotUsernameOrPasswordVC.swift */; };
		3B46C86A1DD7D29D0029B638 /* data.json in Resources */ = {isa = PBXBuildFile; fileRef = 3B46C8691DD7D29D0029B638 /* data.json */; };
		3B4E8D971DDAEBC40044CEC4 /* AboutViewController.swift in Sources */ = {isa = PBXBuildFile; fileRef = 3B4E8D961DDAEBC30044CEC4 /* AboutViewController.swift */; };
		3B4E8D9B1DDBE9590044CEC4 /* SWRevealViewController.m in Sources */ = {isa = PBXBuildFile; fileRef = 3B4E8D9A1DDBE9590044CEC4 /* SWRevealViewController.m */; };
		3BA264E61DB6E0B800618764 /* Bolts.framework in Frameworks */ = {isa = PBXBuildFile; fileRef = 3BA264E51DB6E0B800618764 /* Bolts.framework */; };
		3BB55B331DA482E5005FD17D /* AppDelegate.swift in Sources */ = {isa = PBXBuildFile; fileRef = 3BB55B321DA482E5005FD17D /* AppDelegate.swift */; };
		3BB55B381DA482E5005FD17D /* Main.storyboard in Resources */ = {isa = PBXBuildFile; fileRef = 3BB55B361DA482E5005FD17D /* Main.storyboard */; };
		3BB55B3B1DA482E5005FD17D /* Coo_e.xcdatamodeld in Sources */ = {isa = PBXBuildFile; fileRef = 3BB55B391DA482E5005FD17D /* Coo_e.xcdatamodeld */; };
		3BB55B401DA482E5005FD17D /* LaunchScreen.storyboard in Resources */ = {isa = PBXBuildFile; fileRef = 3BB55B3E1DA482E5005FD17D /* LaunchScreen.storyboard */; };
		3BB55B4B1DA482E5005FD17D /* Coo_eTests.swift in Sources */ = {isa = PBXBuildFile; fileRef = 3BB55B4A1DA482E5005FD17D /* Coo_eTests.swift */; };
		3BB55B561DA482E5005FD17D /* Coo_eUITests.swift in Sources */ = {isa = PBXBuildFile; fileRef = 3BB55B551DA482E5005FD17D /* Coo_eUITests.swift */; };
		3BB55B641DA48B1A005FD17D /* GoogleService-Info.plist in Resources */ = {isa = PBXBuildFile; fileRef = 3BB55B631DA48B1A005FD17D /* GoogleService-Info.plist */; };
		3BF1E0041E10912000D99589 /* SuggestWhenViewController.swift in Sources */ = {isa = PBXBuildFile; fileRef = 3BF1E0031E10911E00D99589 /* SuggestWhenViewController.swift */; };
		3BF1E0061E10914400D99589 /* SuggestWhereViewController.swift in Sources */ = {isa = PBXBuildFile; fileRef = 3BF1E0051E10914400D99589 /* SuggestWhereViewController.swift */; };
/* End PBXBuildFile section */

/* Begin PBXContainerItemProxy section */
		3BB55B471DA482E5005FD17D /* PBXContainerItemProxy */ = {
			isa = PBXContainerItemProxy;
			containerPortal = 3BB55B271DA482E4005FD17D /* Project object */;
			proxyType = 1;
			remoteGlobalIDString = 3BB55B2E1DA482E5005FD17D;
			remoteInfo = "Coo-e";
		};
		3BB55B521DA482E5005FD17D /* PBXContainerItemProxy */ = {
			isa = PBXContainerItemProxy;
			containerPortal = 3BB55B271DA482E4005FD17D /* Project object */;
			proxyType = 1;
			remoteGlobalIDString = 3BB55B2E1DA482E5005FD17D;
			remoteInfo = "Coo-e";
		};
/* End PBXContainerItemProxy section */

/* Begin PBXFileReference section */
		288AF51BA08FBDD319A2FBE9 /* Pods-Coo-e.debug.xcconfig */ = {isa = PBXFileReference; includeInIndex = 1; lastKnownFileType = text.xcconfig; name = "Pods-Coo-e.debug.xcconfig"; path = "Pods/Target Support Files/Pods-Coo-e/Pods-Coo-e.debug.xcconfig"; sourceTree = "<group>"; };
		3B08C2851DB531A1003F3B7D /* FBSDKCoreKit.framework */ = {isa = PBXFileReference; lastKnownFileType = wrapper.framework; path = FBSDKCoreKit.framework; sourceTree = "<group>"; };
		3B08C2861DB531A1003F3B7D /* FBSDKLoginKit.framework */ = {isa = PBXFileReference; lastKnownFileType = wrapper.framework; path = FBSDKLoginKit.framework; sourceTree = "<group>"; };
		3B21BBC41DF3B01700B888B7 /* Assets.xcassets */ = {isa = PBXFileReference; lastKnownFileType = folder.assetcatalog; name = Assets.xcassets; path = "Coo-e/Assets.xcassets"; sourceTree = "<group>"; };
		3B2A49F61DE10608002A8696 /* SidePanelViewController.swift */ = {isa = PBXFileReference; fileEncoding = 4; lastKnownFileType = sourcecode.swift; name = SidePanelViewController.swift; path = ViewControllers/MenuViewController/SidePanelViewController.swift; sourceTree = "<group>"; };
		3B2A49F81DE10897002A8696 /* SidePanelCell.swift */ = {isa = PBXFileReference; fileEncoding = 4; lastKnownFileType = sourcecode.swift; name = SidePanelCell.swift; path = ViewControllers/MenuViewController/SidePanelCell.swift; sourceTree = "<group>"; };
		3B2A4A001DE150DF002A8696 /* ArchiveCustomCell.swift */ = {isa = PBXFileReference; fileEncoding = 4; lastKnownFileType = sourcecode.swift; name = ArchiveCustomCell.swift; path = ViewControllers/MyTeeUpControllers/ArchiveCustomCell.swift; sourceTree = "<group>"; };
		3B2A4A011DE150DF002A8696 /* CoordinatingCustomCell.swift */ = {isa = PBXFileReference; fileEncoding = 4; lastKnownFileType = sourcecode.swift; name = CoordinatingCustomCell.swift; path = ViewControllers/MyTeeUpControllers/CoordinatingCustomCell.swift; sourceTree = "<group>"; };
		3B2A4A021DE150DF002A8696 /* InvitedCustomCell.swift */ = {isa = PBXFileReference; fileEncoding = 4; lastKnownFileType = sourcecode.swift; name = InvitedCustomCell.swift; path = ViewControllers/MyTeeUpControllers/InvitedCustomCell.swift; sourceTree = "<group>"; };
		3B2A4A031DE150DF002A8696 /* MyTeeUpsUITabBarController.swift */ = {isa = PBXFileReference; fileEncoding = 4; lastKnownFileType = sourcecode.swift; name = MyTeeUpsUITabBarController.swift; path = ViewControllers/MyTeeUpControllers/MyTeeUpsUITabBarController.swift; sourceTree = "<group>"; };
		3B2A4A041DE150DF002A8696 /* MyTeeUpViewController.swift */ = {isa = PBXFileReference; fileEncoding = 4; lastKnownFileType = sourcecode.swift; name = MyTeeUpViewController.swift; path = ViewControllers/MyTeeUpControllers/MyTeeUpViewController.swift; sourceTree = "<group>"; };
		3B2A4A0A1DE7C0A0002A8696 /* ModelController.swift */ = {isa = PBXFileReference; fileEncoding = 4; lastKnownFileType = sourcecode.swift; name = ModelController.swift; path = Model/ModelController.swift; sourceTree = "<group>"; };
		3B3781771DF3073200F51DD3 /* TeeUpViewController.swift */ = {isa = PBXFileReference; fileEncoding = 4; lastKnownFileType = sourcecode.swift; name = TeeUpViewController.swift; path = ViewControllers/MyTeeUpControllers/TeeUpViewController.swift; sourceTree = "<group>"; };
		3B417AB11DB258A800D14360 /* Reachability.swift */ = {isa = PBXFileReference; fileEncoding = 4; lastKnownFileType = sourcecode.swift; name = Reachability.swift; path = Model/Reachability.swift; sourceTree = "<group>"; };
		3B417AB31DB258D600D14360 /* LoginViewController.swift */ = {isa = PBXFileReference; fileEncoding = 4; lastKnownFileType = sourcecode.swift; name = LoginViewController.swift; path = "ViewControllers/Register|LoginViewControllers/LoginViewController.swift"; sourceTree = "<group>"; };
		3B417AB41DB258D600D14360 /* SignUpViewController.swift */ = {isa = PBXFileReference; fileEncoding = 4; lastKnownFileType = sourcecode.swift; name = SignUpViewController.swift; path = "ViewControllers/Register|LoginViewControllers/SignUpViewController.swift"; sourceTree = "<group>"; };
		3B417AB51DB258D600D14360 /* ForgotUsernameOrPasswordVC.swift */ = {isa = PBXFileReference; fileEncoding = 4; lastKnownFileType = sourcecode.swift; name = ForgotUsernameOrPasswordVC.swift; path = "ViewControllers/Register|LoginViewControllers/ForgotUsernameOrPasswordVC.swift"; sourceTree = "<group>"; };
		3B46C8691DD7D29D0029B638 /* data.json */ = {isa = PBXFileReference; fileEncoding = 4; lastKnownFileType = text.json; path = data.json; sourceTree = "<group>"; };
		3B4E8D961DDAEBC30044CEC4 /* AboutViewController.swift */ = {isa = PBXFileReference; fileEncoding = 4; lastKnownFileType = sourcecode.swift; name = AboutViewController.swift; path = ViewControllers/AboutViewController/AboutViewController.swift; sourceTree = "<group>"; };
		3B4E8D991DDBE9590044CEC4 /* SWRevealViewController.h */ = {isa = PBXFileReference; fileEncoding = 4; lastKnownFileType = sourcecode.c.h; name = SWRevealViewController.h; path = ViewControllers/MenuViewController/SWRevealViewController/SWRevealViewController.h; sourceTree = "<group>"; };
		3B4E8D9A1DDBE9590044CEC4 /* SWRevealViewController.m */ = {isa = PBXFileReference; fileEncoding = 4; lastKnownFileType = sourcecode.c.objc; name = SWRevealViewController.m; path = ViewControllers/MenuViewController/SWRevealViewController/SWRevealViewController.m; sourceTree = "<group>"; };
		3BA264E21DB6DB6500618764 /* Coo-e-Bridging-Header.h */ = {isa = PBXFileReference; lastKnownFileType = sourcecode.c.h; path = "Coo-e-Bridging-Header.h"; sourceTree = "<group>"; };
		3BA264E51DB6E0B800618764 /* Bolts.framework */ = {isa = PBXFileReference; lastKnownFileType = wrapper.framework; path = Bolts.framework; sourceTree = "<group>"; };
		3BB55B2F1DA482E5005FD17D /* Coo-e.app */ = {isa = PBXFileReference; explicitFileType = wrapper.application; includeInIndex = 0; path = "Coo-e.app"; sourceTree = BUILT_PRODUCTS_DIR; };
		3BB55B321DA482E5005FD17D /* AppDelegate.swift */ = {isa = PBXFileReference; lastKnownFileType = sourcecode.swift; path = AppDelegate.swift; sourceTree = "<group>"; };
		3BB55B371DA482E5005FD17D /* Base */ = {isa = PBXFileReference; lastKnownFileType = file.storyboard; name = Base; path = Base.lproj/Main.storyboard; sourceTree = "<group>"; };
		3BB55B3A1DA482E5005FD17D /* Coo_e.xcdatamodel */ = {isa = PBXFileReference; lastKnownFileType = wrapper.xcdatamodel; path = Coo_e.xcdatamodel; sourceTree = "<group>"; };
		3BB55B3F1DA482E5005FD17D /* Base */ = {isa = PBXFileReference; lastKnownFileType = file.storyboard; name = Base; path = Base.lproj/LaunchScreen.storyboard; sourceTree = "<group>"; };
		3BB55B411DA482E5005FD17D /* Info.plist */ = {isa = PBXFileReference; lastKnownFileType = text.plist.xml; path = Info.plist; sourceTree = "<group>"; };
		3BB55B461DA482E5005FD17D /* Coo-eTests.xctest */ = {isa = PBXFileReference; explicitFileType = wrapper.cfbundle; includeInIndex = 0; path = "Coo-eTests.xctest"; sourceTree = BUILT_PRODUCTS_DIR; };
		3BB55B4A1DA482E5005FD17D /* Coo_eTests.swift */ = {isa = PBXFileReference; lastKnownFileType = sourcecode.swift; path = Coo_eTests.swift; sourceTree = "<group>"; };
		3BB55B4C1DA482E5005FD17D /* Info.plist */ = {isa = PBXFileReference; lastKnownFileType = text.plist.xml; path = Info.plist; sourceTree = "<group>"; };
		3BB55B511DA482E5005FD17D /* Coo-eUITests.xctest */ = {isa = PBXFileReference; explicitFileType = wrapper.cfbundle; includeInIndex = 0; path = "Coo-eUITests.xctest"; sourceTree = BUILT_PRODUCTS_DIR; };
		3BB55B551DA482E5005FD17D /* Coo_eUITests.swift */ = {isa = PBXFileReference; lastKnownFileType = sourcecode.swift; path = Coo_eUITests.swift; sourceTree = "<group>"; };
		3BB55B571DA482E5005FD17D /* Info.plist */ = {isa = PBXFileReference; lastKnownFileType = text.plist.xml; path = Info.plist; sourceTree = "<group>"; };
		3BB55B631DA48B1A005FD17D /* GoogleService-Info.plist */ = {isa = PBXFileReference; fileEncoding = 4; lastKnownFileType = text.plist.xml; path = "GoogleService-Info.plist"; sourceTree = "<group>"; };
		3BF1E0031E10911E00D99589 /* SuggestWhenViewController.swift */ = {isa = PBXFileReference; fileEncoding = 4; lastKnownFileType = sourcecode.swift; name = SuggestWhenViewController.swift; path = ViewControllers/MyTeeUpControllers/SuggestWhenViewController.swift; sourceTree = "<group>"; };
		3BF1E0051E10914400D99589 /* SuggestWhereViewController.swift */ = {isa = PBXFileReference; fileEncoding = 4; lastKnownFileType = sourcecode.swift; name = SuggestWhereViewController.swift; path = ViewControllers/MyTeeUpControllers/SuggestWhereViewController.swift; sourceTree = "<group>"; };
		6B3C822E6202F42717388A17 /* Pods-Coo-eUITests.debug.xcconfig */ = {isa = PBXFileReference; includeInIndex = 1; lastKnownFileType = text.xcconfig; name = "Pods-Coo-eUITests.debug.xcconfig"; path = "Pods/Target Support Files/Pods-Coo-eUITests/Pods-Coo-eUITests.debug.xcconfig"; sourceTree = "<group>"; };
		7CFC32A8288C7A3FA2C4E149 /* Pods-Coo-eTests.debug.xcconfig */ = {isa = PBXFileReference; includeInIndex = 1; lastKnownFileType = text.xcconfig; name = "Pods-Coo-eTests.debug.xcconfig"; path = "Pods/Target Support Files/Pods-Coo-eTests/Pods-Coo-eTests.debug.xcconfig"; sourceTree = "<group>"; };
		BD785371FA074EADC5AF503D /* Pods-Coo-eTests.release.xcconfig */ = {isa = PBXFileReference; includeInIndex = 1; lastKnownFileType = text.xcconfig; name = "Pods-Coo-eTests.release.xcconfig"; path = "Pods/Target Support Files/Pods-Coo-eTests/Pods-Coo-eTests.release.xcconfig"; sourceTree = "<group>"; };
		D5C97AC6F38CF54AF507CF4E /* Pods-Coo-e.release.xcconfig */ = {isa = PBXFileReference; includeInIndex = 1; lastKnownFileType = text.xcconfig; name = "Pods-Coo-e.release.xcconfig"; path = "Pods/Target Support Files/Pods-Coo-e/Pods-Coo-e.release.xcconfig"; sourceTree = "<group>"; };
		FE703F4952B25F0010DB1EEE /* Pods-Coo-eUITests.release.xcconfig */ = {isa = PBXFileReference; includeInIndex = 1; lastKnownFileType = text.xcconfig; name = "Pods-Coo-eUITests.release.xcconfig"; path = "Pods/Target Support Files/Pods-Coo-eUITests/Pods-Coo-eUITests.release.xcconfig"; sourceTree = "<group>"; };
/* End PBXFileReference section */

/* Begin PBXFrameworksBuildPhase section */
		3BB55B2C1DA482E5005FD17D /* Frameworks */ = {
			isa = PBXFrameworksBuildPhase;
			buildActionMask = 2147483647;
			files = (
				3BA264E61DB6E0B800618764 /* Bolts.framework in Frameworks */,
				3B08C2891DB531A2003F3B7D /* FBSDKCoreKit.framework in Frameworks */,
				3B08C28A1DB531A2003F3B7D /* FBSDKLoginKit.framework in Frameworks */,
			);
			runOnlyForDeploymentPostprocessing = 0;
		};
		3BB55B431DA482E5005FD17D /* Frameworks */ = {
			isa = PBXFrameworksBuildPhase;
			buildActionMask = 2147483647;
			files = (
			);
			runOnlyForDeploymentPostprocessing = 0;
		};
		3BB55B4E1DA482E5005FD17D /* Frameworks */ = {
			isa = PBXFrameworksBuildPhase;
			buildActionMask = 2147483647;
			files = (
			);
			runOnlyForDeploymentPostprocessing = 0;
		};
/* End PBXFrameworksBuildPhase section */

/* Begin PBXGroup section */
		3B08C2811DB49A6D003F3B7D /* MyTeeUpControllers */ = {
			isa = PBXGroup;
			children = (
				3BF1E0081E10916700D99589 /* CustomCell */,
				3B2A4A031DE150DF002A8696 /* MyTeeUpsUITabBarController.swift */,
				3B2A4A041DE150DF002A8696 /* MyTeeUpViewController.swift */,
				3B3781771DF3073200F51DD3 /* TeeUpViewController.swift */,
				3BF1E0031E10911E00D99589 /* SuggestWhenViewController.swift */,
				3BF1E0051E10914400D99589 /* SuggestWhereViewController.swift */,
			);
			name = MyTeeUpControllers;
			sourceTree = "<group>";
		};
		3B417AAF1DB2582700D14360 /* Model */ = {
			isa = PBXGroup;
			children = (
				3B417AB11DB258A800D14360 /* Reachability.swift */,
				3B2A4A0A1DE7C0A0002A8696 /* ModelController.swift */,
			);
			name = Model;
			sourceTree = "<group>";
		};
		3B417AB01DB2587700D14360 /* Controllers */ = {
			isa = PBXGroup;
			children = (
				3B4E8D951DDAEB830044CEC4 /* AboutViewContoller */,
				3B4E8D8B1DD903350044CEC4 /* SidePanelViewController */,
				3B08C2811DB49A6D003F3B7D /* MyTeeUpControllers */,
				3BE00CB31DB17D84000ACAB7 /* Register|Login */,
			);
			name = Controllers;
			sourceTree = "<group>";
		};
		3B4E8D8B1DD903350044CEC4 /* SidePanelViewController */ = {
			isa = PBXGroup;
			children = (
				3B4E8D981DDBE9310044CEC4 /* SWRevealViewController */,
				3B2A49F81DE10897002A8696 /* SidePanelCell.swift */,
				3B2A49F61DE10608002A8696 /* SidePanelViewController.swift */,
			);
			name = SidePanelViewController;
			sourceTree = "<group>";
		};
		3B4E8D951DDAEB830044CEC4 /* AboutViewContoller */ = {
			isa = PBXGroup;
			children = (
				3B4E8D961DDAEBC30044CEC4 /* AboutViewController.swift */,
			);
			name = AboutViewContoller;
			sourceTree = "<group>";
		};
		3B4E8D981DDBE9310044CEC4 /* SWRevealViewController */ = {
			isa = PBXGroup;
			children = (
				3B4E8D991DDBE9590044CEC4 /* SWRevealViewController.h */,
				3B4E8D9A1DDBE9590044CEC4 /* SWRevealViewController.m */,
			);
			name = SWRevealViewController;
			sourceTree = "<group>";
		};
		3BA264E11DB6DACD00618764 /* Bridge-ObjC */ = {
			isa = PBXGroup;
			children = (
				3BA264E21DB6DB6500618764 /* Coo-e-Bridging-Header.h */,
			);
			name = "Bridge-ObjC";
			sourceTree = "<group>";
		};
		3BB55B261DA482E4005FD17D = {
			isa = PBXGroup;
			children = (
				3BB55B311DA482E5005FD17D /* Coo-e */,
				3B21BBC41DF3B01700B888B7 /* Assets.xcassets */,
				3BB55B491DA482E5005FD17D /* Coo-eTests */,
				3BB55B541DA482E5005FD17D /* Coo-eUITests */,
				3BB55B301DA482E5005FD17D /* Products */,
				7B4545EE09065A01489E710D /* Pods */,
				3C64ECD4C5EC4367A5580714 /* Frameworks */,
			);
			sourceTree = "<group>";
		};
		3BB55B301DA482E5005FD17D /* Products */ = {
			isa = PBXGroup;
			children = (
				3BB55B2F1DA482E5005FD17D /* Coo-e.app */,
				3BB55B461DA482E5005FD17D /* Coo-eTests.xctest */,
				3BB55B511DA482E5005FD17D /* Coo-eUITests.xctest */,
			);
			name = Products;
			sourceTree = "<group>";
		};
		3BB55B311DA482E5005FD17D /* Coo-e */ = {
			isa = PBXGroup;
			children = (
				3BA264E11DB6DACD00618764 /* Bridge-ObjC */,
				3B417AB01DB2587700D14360 /* Controllers */,
				3B417AAF1DB2582700D14360 /* Model */,
				3BB55B321DA482E5005FD17D /* AppDelegate.swift */,
				3BB55B361DA482E5005FD17D /* Main.storyboard */,
				3BB55B3E1DA482E5005FD17D /* LaunchScreen.storyboard */,
				3B46C8691DD7D29D0029B638 /* data.json */,
				3BB55B411DA482E5005FD17D /* Info.plist */,
				3BB55B631DA48B1A005FD17D /* GoogleService-Info.plist */,
				3BB55B391DA482E5005FD17D /* Coo_e.xcdatamodeld */,
			);
			path = "Coo-e";
			sourceTree = "<group>";
		};
		3BB55B491DA482E5005FD17D /* Coo-eTests */ = {
			isa = PBXGroup;
			children = (
				3BB55B4A1DA482E5005FD17D /* Coo_eTests.swift */,
				3BB55B4C1DA482E5005FD17D /* Info.plist */,
			);
			path = "Coo-eTests";
			sourceTree = "<group>";
		};
		3BB55B541DA482E5005FD17D /* Coo-eUITests */ = {
			isa = PBXGroup;
			children = (
				3BB55B551DA482E5005FD17D /* Coo_eUITests.swift */,
				3BB55B571DA482E5005FD17D /* Info.plist */,
			);
			path = "Coo-eUITests";
			sourceTree = "<group>";
		};
		3BE00CB31DB17D84000ACAB7 /* Register|Login */ = {
			isa = PBXGroup;
			children = (
				3B417AB31DB258D600D14360 /* LoginViewController.swift */,
				3B417AB41DB258D600D14360 /* SignUpViewController.swift */,
				3B417AB51DB258D600D14360 /* ForgotUsernameOrPasswordVC.swift */,
			);
			name = "Register|Login";
			sourceTree = "<group>";
		};
		3BF1E0081E10916700D99589 /* CustomCell */ = {
			isa = PBXGroup;
			children = (
				3B2A4A001DE150DF002A8696 /* ArchiveCustomCell.swift */,
				3B2A4A011DE150DF002A8696 /* CoordinatingCustomCell.swift */,
				3B2A4A021DE150DF002A8696 /* InvitedCustomCell.swift */,
			);
			name = CustomCell;
			sourceTree = "<group>";
		};
		3C64ECD4C5EC4367A5580714 /* Frameworks */ = {
			isa = PBXGroup;
			children = (
				3BA264E51DB6E0B800618764 /* Bolts.framework */,
				3B08C2851DB531A1003F3B7D /* FBSDKCoreKit.framework */,
				3B08C2861DB531A1003F3B7D /* FBSDKLoginKit.framework */,
			);
			name = Frameworks;
			sourceTree = "<group>";
		};
		7B4545EE09065A01489E710D /* Pods */ = {
			isa = PBXGroup;
			children = (
				288AF51BA08FBDD319A2FBE9 /* Pods-Coo-e.debug.xcconfig */,
				D5C97AC6F38CF54AF507CF4E /* Pods-Coo-e.release.xcconfig */,
				7CFC32A8288C7A3FA2C4E149 /* Pods-Coo-eTests.debug.xcconfig */,
				BD785371FA074EADC5AF503D /* Pods-Coo-eTests.release.xcconfig */,
				6B3C822E6202F42717388A17 /* Pods-Coo-eUITests.debug.xcconfig */,
				FE703F4952B25F0010DB1EEE /* Pods-Coo-eUITests.release.xcconfig */,
			);
			name = Pods;
			sourceTree = "<group>";
		};
/* End PBXGroup section */

/* Begin PBXNativeTarget section */
		3BB55B2E1DA482E5005FD17D /* Coo-e */ = {
			isa = PBXNativeTarget;
			buildConfigurationList = 3BB55B5A1DA482E5005FD17D /* Build configuration list for PBXNativeTarget "Coo-e" */;
			buildPhases = (
				C74C81AEA63505FB82C69B1A /* [CP] Check Pods Manifest.lock */,
				3BB55B2B1DA482E5005FD17D /* Sources */,
				3BB55B2C1DA482E5005FD17D /* Frameworks */,
				3BB55B2D1DA482E5005FD17D /* Resources */,
				86D148A1E25877AA51C16EF8 /* [CP] Embed Pods Frameworks */,
				5147759F648518FAEFAC92C7 /* [CP] Copy Pods Resources */,
			);
			buildRules = (
			);
			dependencies = (
			);
			name = "Coo-e";
			productName = "Coo-e";
			productReference = 3BB55B2F1DA482E5005FD17D /* Coo-e.app */;
			productType = "com.apple.product-type.application";
		};
		3BB55B451DA482E5005FD17D /* Coo-eTests */ = {
			isa = PBXNativeTarget;
			buildConfigurationList = 3BB55B5D1DA482E5005FD17D /* Build configuration list for PBXNativeTarget "Coo-eTests" */;
			buildPhases = (
				A6662A0E69B85ABB2460F4CC /* [CP] Check Pods Manifest.lock */,
				3BB55B421DA482E5005FD17D /* Sources */,
				3BB55B431DA482E5005FD17D /* Frameworks */,
				3BB55B441DA482E5005FD17D /* Resources */,
				45776C8F559F1C2A9B079802 /* [CP] Embed Pods Frameworks */,
				A0FCE7D00319A1561164CF76 /* [CP] Copy Pods Resources */,
			);
			buildRules = (
			);
			dependencies = (
				3BB55B481DA482E5005FD17D /* PBXTargetDependency */,
			);
			name = "Coo-eTests";
			productName = "Coo-eTests";
			productReference = 3BB55B461DA482E5005FD17D /* Coo-eTests.xctest */;
			productType = "com.apple.product-type.bundle.unit-test";
		};
		3BB55B501DA482E5005FD17D /* Coo-eUITests */ = {
			isa = PBXNativeTarget;
			buildConfigurationList = 3BB55B601DA482E5005FD17D /* Build configuration list for PBXNativeTarget "Coo-eUITests" */;
			buildPhases = (
				496E62A7E859106023D6F48D /* [CP] Check Pods Manifest.lock */,
				3BB55B4D1DA482E5005FD17D /* Sources */,
				3BB55B4E1DA482E5005FD17D /* Frameworks */,
				3BB55B4F1DA482E5005FD17D /* Resources */,
				8E1E3704B579E6FB041E2FEC /* [CP] Copy Pods Resources */,
			);
			buildRules = (
			);
			dependencies = (
				3BB55B531DA482E5005FD17D /* PBXTargetDependency */,
			);
			name = "Coo-eUITests";
			productName = "Coo-eUITests";
			productReference = 3BB55B511DA482E5005FD17D /* Coo-eUITests.xctest */;
			productType = "com.apple.product-type.bundle.ui-testing";
		};
/* End PBXNativeTarget section */

/* Begin PBXProject section */
		3BB55B271DA482E4005FD17D /* Project object */ = {
			isa = PBXProject;
			attributes = {
				LastSwiftUpdateCheck = 0730;
				LastUpgradeCheck = 0800;
				ORGANIZATIONNAME = "Atisha Poojary";
				TargetAttributes = {
					3BB55B2E1DA482E5005FD17D = {
						CreatedOnToolsVersion = 7.3.1;
						DevelopmentTeam = MQ8Y5WT3X4;
						LastSwiftMigration = 0800;
					};
					3BB55B451DA482E5005FD17D = {
						CreatedOnToolsVersion = 7.3.1;
						LastSwiftMigration = 0800;
						TestTargetID = 3BB55B2E1DA482E5005FD17D;
					};
					3BB55B501DA482E5005FD17D = {
						CreatedOnToolsVersion = 7.3.1;
						LastSwiftMigration = 0800;
						TestTargetID = 3BB55B2E1DA482E5005FD17D;
					};
				};
			};
			buildConfigurationList = 3BB55B2A1DA482E4005FD17D /* Build configuration list for PBXProject "Coo-e" */;
			compatibilityVersion = "Xcode 3.2";
			developmentRegion = English;
			hasScannedForEncodings = 0;
			knownRegions = (
				en,
				Base,
			);
			mainGroup = 3BB55B261DA482E4005FD17D;
			productRefGroup = 3BB55B301DA482E5005FD17D /* Products */;
			projectDirPath = "";
			projectRoot = "";
			targets = (
				3BB55B2E1DA482E5005FD17D /* Coo-e */,
				3BB55B451DA482E5005FD17D /* Coo-eTests */,
				3BB55B501DA482E5005FD17D /* Coo-eUITests */,
			);
		};
/* End PBXProject section */

/* Begin PBXResourcesBuildPhase section */
		3BB55B2D1DA482E5005FD17D /* Resources */ = {
			isa = PBXResourcesBuildPhase;
			buildActionMask = 2147483647;
			files = (
				3BB55B401DA482E5005FD17D /* LaunchScreen.storyboard in Resources */,
				3BB55B641DA48B1A005FD17D /* GoogleService-Info.plist in Resources */,
				3B46C86A1DD7D29D0029B638 /* data.json in Resources */,
				3BB55B381DA482E5005FD17D /* Main.storyboard in Resources */,
				3B21BBC51DF3B01700B888B7 /* Assets.xcassets in Resources */,
			);
			runOnlyForDeploymentPostprocessing = 0;
		};
		3BB55B441DA482E5005FD17D /* Resources */ = {
			isa = PBXResourcesBuildPhase;
			buildActionMask = 2147483647;
			files = (
			);
			runOnlyForDeploymentPostprocessing = 0;
		};
		3BB55B4F1DA482E5005FD17D /* Resources */ = {
			isa = PBXResourcesBuildPhase;
			buildActionMask = 2147483647;
			files = (
			);
			runOnlyForDeploymentPostprocessing = 0;
		};
/* End PBXResourcesBuildPhase section */

/* Begin PBXShellScriptBuildPhase section */
		45776C8F559F1C2A9B079802 /* [CP] Embed Pods Frameworks */ = {
			isa = PBXShellScriptBuildPhase;
			buildActionMask = 2147483647;
			files = (
			);
			inputPaths = (
			);
			name = "[CP] Embed Pods Frameworks";
			outputPaths = (
			);
			runOnlyForDeploymentPostprocessing = 0;
			shellPath = /bin/sh;
			shellScript = "\"${SRCROOT}/Pods/Target Support Files/Pods-Coo-eTests/Pods-Coo-eTests-frameworks.sh\"\n";
			showEnvVarsInLog = 0;
		};
		496E62A7E859106023D6F48D /* [CP] Check Pods Manifest.lock */ = {
			isa = PBXShellScriptBuildPhase;
			buildActionMask = 2147483647;
			files = (
			);
			inputPaths = (
			);
			name = "[CP] Check Pods Manifest.lock";
			outputPaths = (
			);
			runOnlyForDeploymentPostprocessing = 0;
			shellPath = /bin/sh;
			shellScript = "diff \"${PODS_ROOT}/../Podfile.lock\" \"${PODS_ROOT}/Manifest.lock\" > /dev/null\nif [[ $? != 0 ]] ; then\n    cat << EOM\nerror: The sandbox is not in sync with the Podfile.lock. Run 'pod install' or update your CocoaPods installation.\nEOM\n    exit 1\nfi\n";
			showEnvVarsInLog = 0;
		};
		5147759F648518FAEFAC92C7 /* [CP] Copy Pods Resources */ = {
			isa = PBXShellScriptBuildPhase;
			buildActionMask = 2147483647;
			files = (
			);
			inputPaths = (
			);
			name = "[CP] Copy Pods Resources";
			outputPaths = (
			);
			runOnlyForDeploymentPostprocessing = 0;
			shellPath = /bin/sh;
			shellScript = "\"${SRCROOT}/Pods/Target Support Files/Pods-Coo-e/Pods-Coo-e-resources.sh\"\n";
			showEnvVarsInLog = 0;
		};
		86D148A1E25877AA51C16EF8 /* [CP] Embed Pods Frameworks */ = {
			isa = PBXShellScriptBuildPhase;
			buildActionMask = 2147483647;
			files = (
			);
			inputPaths = (
			);
			name = "[CP] Embed Pods Frameworks";
			outputPaths = (
			);
			runOnlyForDeploymentPostprocessing = 0;
			shellPath = /bin/sh;
			shellScript = "\"${SRCROOT}/Pods/Target Support Files/Pods-Coo-e/Pods-Coo-e-frameworks.sh\"\n";
			showEnvVarsInLog = 0;
		};
		8E1E3704B579E6FB041E2FEC /* [CP] Copy Pods Resources */ = {
			isa = PBXShellScriptBuildPhase;
			buildActionMask = 2147483647;
			files = (
			);
			inputPaths = (
			);
			name = "[CP] Copy Pods Resources";
			outputPaths = (
			);
			runOnlyForDeploymentPostprocessing = 0;
			shellPath = /bin/sh;
			shellScript = "\"${SRCROOT}/Pods/Target Support Files/Pods-Coo-eUITests/Pods-Coo-eUITests-resources.sh\"\n";
			showEnvVarsInLog = 0;
		};
		A0FCE7D00319A1561164CF76 /* [CP] Copy Pods Resources */ = {
			isa = PBXShellScriptBuildPhase;
			buildActionMask = 2147483647;
			files = (
			);
			inputPaths = (
			);
			name = "[CP] Copy Pods Resources";
			outputPaths = (
			);
			runOnlyForDeploymentPostprocessing = 0;
			shellPath = /bin/sh;
			shellScript = "\"${SRCROOT}/Pods/Target Support Files/Pods-Coo-eTests/Pods-Coo-eTests-resources.sh\"\n";
			showEnvVarsInLog = 0;
		};
		A6662A0E69B85ABB2460F4CC /* [CP] Check Pods Manifest.lock */ = {
			isa = PBXShellScriptBuildPhase;
			buildActionMask = 2147483647;
			files = (
			);
			inputPaths = (
			);
			name = "[CP] Check Pods Manifest.lock";
			outputPaths = (
			);
			runOnlyForDeploymentPostprocessing = 0;
			shellPath = /bin/sh;
			shellScript = "diff \"${PODS_ROOT}/../Podfile.lock\" \"${PODS_ROOT}/Manifest.lock\" > /dev/null\nif [[ $? != 0 ]] ; then\n    cat << EOM\nerror: The sandbox is not in sync with the Podfile.lock. Run 'pod install' or update your CocoaPods installation.\nEOM\n    exit 1\nfi\n";
			showEnvVarsInLog = 0;
		};
		C74C81AEA63505FB82C69B1A /* [CP] Check Pods Manifest.lock */ = {
			isa = PBXShellScriptBuildPhase;
			buildActionMask = 2147483647;
			files = (
			);
			inputPaths = (
			);
			name = "[CP] Check Pods Manifest.lock";
			outputPaths = (
			);
			runOnlyForDeploymentPostprocessing = 0;
			shellPath = /bin/sh;
			shellScript = "diff \"${PODS_ROOT}/../Podfile.lock\" \"${PODS_ROOT}/Manifest.lock\" > /dev/null\nif [[ $? != 0 ]] ; then\n    cat << EOM\nerror: The sandbox is not in sync with the Podfile.lock. Run 'pod install' or update your CocoaPods installation.\nEOM\n    exit 1\nfi\n";
			showEnvVarsInLog = 0;
		};
/* End PBXShellScriptBuildPhase section */

/* Begin PBXSourcesBuildPhase section */
		3BB55B2B1DA482E5005FD17D /* Sources */ = {
			isa = PBXSourcesBuildPhase;
			buildActionMask = 2147483647;
			files = (
				3B2A4A071DE150DF002A8696 /* InvitedCustomCell.swift in Sources */,
				3BF1E0041E10912000D99589 /* SuggestWhenViewController.swift in Sources */,
				3B4E8D9B1DDBE9590044CEC4 /* SWRevealViewController.m in Sources */,
				3B417AB81DB258D600D14360 /* ForgotUsernameOrPasswordVC.swift in Sources */,
				3B417AB61DB258D600D14360 /* LoginViewController.swift in Sources */,
				3B2A4A091DE150DF002A8696 /* MyTeeUpViewController.swift in Sources */,
				3B2A4A0B1DE7C0A1002A8696 /* ModelController.swift in Sources */,
				3B417AB21DB258A800D14360 /* Reachability.swift in Sources */,
				3B4E8D971DDAEBC40044CEC4 /* AboutViewController.swift in Sources */,
				3B2A49F91DE10897002A8696 /* SidePanelCell.swift in Sources */,
				3B2A4A051DE150DF002A8696 /* ArchiveCustomCell.swift in Sources */,
				3BB55B3B1DA482E5005FD17D /* Coo_e.xcdatamodeld in Sources */,
				3BB55B331DA482E5005FD17D /* AppDelegate.swift in Sources */,
				3BF1E0061E10914400D99589 /* SuggestWhereViewController.swift in Sources */,
				3B2A49F71DE10609002A8696 /* SidePanelViewController.swift in Sources */,
				3B417AB71DB258D600D14360 /* SignUpViewController.swift in Sources */,
				3B2A4A081DE150DF002A8696 /* MyTeeUpsUITabBarController.swift in Sources */,
				3B2A4A061DE150DF002A8696 /* CoordinatingCustomCell.swift in Sources */,
				3B3781781DF3073200F51DD3 /* TeeUpViewController.swift in Sources */,
			);
			runOnlyForDeploymentPostprocessing = 0;
		};
		3BB55B421DA482E5005FD17D /* Sources */ = {
			isa = PBXSourcesBuildPhase;
			buildActionMask = 2147483647;
			files = (
				3BB55B4B1DA482E5005FD17D /* Coo_eTests.swift in Sources */,
			);
			runOnlyForDeploymentPostprocessing = 0;
		};
		3BB55B4D1DA482E5005FD17D /* Sources */ = {
			isa = PBXSourcesBuildPhase;
			buildActionMask = 2147483647;
			files = (
				3BB55B561DA482E5005FD17D /* Coo_eUITests.swift in Sources */,
			);
			runOnlyForDeploymentPostprocessing = 0;
		};
/* End PBXSourcesBuildPhase section */

/* Begin PBXTargetDependency section */
		3BB55B481DA482E5005FD17D /* PBXTargetDependency */ = {
			isa = PBXTargetDependency;
			target = 3BB55B2E1DA482E5005FD17D /* Coo-e */;
			targetProxy = 3BB55B471DA482E5005FD17D /* PBXContainerItemProxy */;
		};
		3BB55B531DA482E5005FD17D /* PBXTargetDependency */ = {
			isa = PBXTargetDependency;
			target = 3BB55B2E1DA482E5005FD17D /* Coo-e */;
			targetProxy = 3BB55B521DA482E5005FD17D /* PBXContainerItemProxy */;
		};
/* End PBXTargetDependency section */

/* Begin PBXVariantGroup section */
		3BB55B361DA482E5005FD17D /* Main.storyboard */ = {
			isa = PBXVariantGroup;
			children = (
				3BB55B371DA482E5005FD17D /* Base */,
			);
			name = Main.storyboard;
			sourceTree = "<group>";
		};
		3BB55B3E1DA482E5005FD17D /* LaunchScreen.storyboard */ = {
			isa = PBXVariantGroup;
			children = (
				3BB55B3F1DA482E5005FD17D /* Base */,
			);
			name = LaunchScreen.storyboard;
			sourceTree = "<group>";
		};
/* End PBXVariantGroup section */

/* Begin XCBuildConfiguration section */
		3BB55B581DA482E5005FD17D /* Debug */ = {
			isa = XCBuildConfiguration;
			buildSettings = {
				ALWAYS_SEARCH_USER_PATHS = NO;
				CLANG_ANALYZER_NONNULL = YES;
				CLANG_CXX_LANGUAGE_STANDARD = "gnu++0x";
				CLANG_CXX_LIBRARY = "libc++";
				CLANG_ENABLE_MODULES = YES;
				CLANG_ENABLE_OBJC_ARC = YES;
				CLANG_WARN_BOOL_CONVERSION = YES;
				CLANG_WARN_CONSTANT_CONVERSION = YES;
				CLANG_WARN_DIRECT_OBJC_ISA_USAGE = YES_ERROR;
				CLANG_WARN_EMPTY_BODY = YES;
				CLANG_WARN_ENUM_CONVERSION = YES;
				CLANG_WARN_INFINITE_RECURSION = YES;
				CLANG_WARN_INT_CONVERSION = YES;
				CLANG_WARN_OBJC_ROOT_CLASS = YES_ERROR;
				CLANG_WARN_SUSPICIOUS_MOVE = YES;
				CLANG_WARN_UNREACHABLE_CODE = YES;
				CLANG_WARN__DUPLICATE_METHOD_MATCH = YES;
				"CODE_SIGN_IDENTITY[sdk=iphoneos*]" = "iPhone Developer";
				COPY_PHASE_STRIP = NO;
				DEBUG_INFORMATION_FORMAT = dwarf;
				ENABLE_STRICT_OBJC_MSGSEND = YES;
				ENABLE_TESTABILITY = YES;
				GCC_C_LANGUAGE_STANDARD = gnu99;
				GCC_DYNAMIC_NO_PIC = NO;
				GCC_NO_COMMON_BLOCKS = YES;
				GCC_OPTIMIZATION_LEVEL = 0;
				GCC_PREPROCESSOR_DEFINITIONS = (
					"DEBUG=1",
					"$(inherited)",
				);
				GCC_WARN_64_TO_32_BIT_CONVERSION = YES;
				GCC_WARN_ABOUT_RETURN_TYPE = YES_ERROR;
				GCC_WARN_UNDECLARED_SELECTOR = YES;
				GCC_WARN_UNINITIALIZED_AUTOS = YES_AGGRESSIVE;
				GCC_WARN_UNUSED_FUNCTION = YES;
				GCC_WARN_UNUSED_VARIABLE = YES;
				IPHONEOS_DEPLOYMENT_TARGET = 9.3;
				MTL_ENABLE_DEBUG_INFO = YES;
				ONLY_ACTIVE_ARCH = YES;
				SDKROOT = iphoneos;
				SWIFT_OPTIMIZATION_LEVEL = "-Onone";
				TARGETED_DEVICE_FAMILY = "1,2";
			};
			name = Debug;
		};
		3BB55B591DA482E5005FD17D /* Release */ = {
			isa = XCBuildConfiguration;
			buildSettings = {
				ALWAYS_SEARCH_USER_PATHS = NO;
				CLANG_ANALYZER_NONNULL = YES;
				CLANG_CXX_LANGUAGE_STANDARD = "gnu++0x";
				CLANG_CXX_LIBRARY = "libc++";
				CLANG_ENABLE_MODULES = YES;
				CLANG_ENABLE_OBJC_ARC = YES;
				CLANG_WARN_BOOL_CONVERSION = YES;
				CLANG_WARN_CONSTANT_CONVERSION = YES;
				CLANG_WARN_DIRECT_OBJC_ISA_USAGE = YES_ERROR;
				CLANG_WARN_EMPTY_BODY = YES;
				CLANG_WARN_ENUM_CONVERSION = YES;
				CLANG_WARN_INFINITE_RECURSION = YES;
				CLANG_WARN_INT_CONVERSION = YES;
				CLANG_WARN_OBJC_ROOT_CLASS = YES_ERROR;
				CLANG_WARN_SUSPICIOUS_MOVE = YES;
				CLANG_WARN_UNREACHABLE_CODE = YES;
				CLANG_WARN__DUPLICATE_METHOD_MATCH = YES;
				"CODE_SIGN_IDENTITY[sdk=iphoneos*]" = "iPhone Developer";
				COPY_PHASE_STRIP = NO;
				DEBUG_INFORMATION_FORMAT = "dwarf-with-dsym";
				ENABLE_NS_ASSERTIONS = NO;
				ENABLE_STRICT_OBJC_MSGSEND = YES;
				GCC_C_LANGUAGE_STANDARD = gnu99;
				GCC_NO_COMMON_BLOCKS = YES;
				GCC_WARN_64_TO_32_BIT_CONVERSION = YES;
				GCC_WARN_ABOUT_RETURN_TYPE = YES_ERROR;
				GCC_WARN_UNDECLARED_SELECTOR = YES;
				GCC_WARN_UNINITIALIZED_AUTOS = YES_AGGRESSIVE;
				GCC_WARN_UNUSED_FUNCTION = YES;
				GCC_WARN_UNUSED_VARIABLE = YES;
				IPHONEOS_DEPLOYMENT_TARGET = 9.3;
				MTL_ENABLE_DEBUG_INFO = NO;
				SDKROOT = iphoneos;
				SWIFT_OPTIMIZATION_LEVEL = "-Owholemodule";
				TARGETED_DEVICE_FAMILY = "1,2";
				VALIDATE_PRODUCT = YES;
			};
			name = Release;
		};
		3BB55B5B1DA482E5005FD17D /* Debug */ = {
			isa = XCBuildConfiguration;
			baseConfigurationReference = 288AF51BA08FBDD319A2FBE9 /* Pods-Coo-e.debug.xcconfig */;
			buildSettings = {
				ASSETCATALOG_COMPILER_APPICON_NAME = AppIcon;
				CLANG_ENABLE_MODULES = YES;
				DEVELOPMENT_TEAM = MQ8Y5WT3X4;
				FRAMEWORK_SEARCH_PATHS = (
					"$(inherited)",
					"$(PROJECT_DIR)",
				);
				INFOPLIST_FILE = "Coo-e/Info.plist";
				LD_RUNPATH_SEARCH_PATHS = "$(inherited) @executable_path/Frameworks";
				PRODUCT_BUNDLE_IDENTIFIER = "edu.atisha.coo-e";
				PRODUCT_NAME = "$(TARGET_NAME)";
				SWIFT_OBJC_BRIDGING_HEADER = "Coo-e/Coo-e-Bridging-Header.h";
				SWIFT_OPTIMIZATION_LEVEL = "-Onone";
				SWIFT_VERSION = 3.0;
				TARGETED_DEVICE_FAMILY = "1,2";
			};
			name = Debug;
		};
		3BB55B5C1DA482E5005FD17D /* Release */ = {
			isa = XCBuildConfiguration;
			baseConfigurationReference = D5C97AC6F38CF54AF507CF4E /* Pods-Coo-e.release.xcconfig */;
			buildSettings = {
				ASSETCATALOG_COMPILER_APPICON_NAME = AppIcon;
				CLANG_ENABLE_MODULES = YES;
				DEVELOPMENT_TEAM = MQ8Y5WT3X4;
				FRAMEWORK_SEARCH_PATHS = (
					"$(inherited)",
					"$(PROJECT_DIR)",
				);
				INFOPLIST_FILE = "Coo-e/Info.plist";
				LD_RUNPATH_SEARCH_PATHS = "$(inherited) @executable_path/Frameworks";
				PRODUCT_BUNDLE_IDENTIFIER = "edu.atisha.coo-e";
				PRODUCT_NAME = "$(TARGET_NAME)";
				SWIFT_OBJC_BRIDGING_HEADER = "Coo-e/Coo-e-Bridging-Header.h";
				SWIFT_VERSION = 3.0;
				TARGETED_DEVICE_FAMILY = "1,2";
			};
			name = Release;
		};
		3BB55B5E1DA482E5005FD17D /* Debug */ = {
			isa = XCBuildConfiguration;
			baseConfigurationReference = 7CFC32A8288C7A3FA2C4E149 /* Pods-Coo-eTests.debug.xcconfig */;
			buildSettings = {
				BUNDLE_LOADER = "$(TEST_HOST)";
				INFOPLIST_FILE = "Coo-eTests/Info.plist";
				LD_RUNPATH_SEARCH_PATHS = "$(inherited) @executable_path/Frameworks @loader_path/Frameworks";
				PRODUCT_BUNDLE_IDENTIFIER = "Atisha.Coo-eTests";
				PRODUCT_NAME = "$(TARGET_NAME)";
				SWIFT_VERSION = 3.0;
				TEST_HOST = "$(BUILT_PRODUCTS_DIR)/Coo-e.app/Coo-e";
			};
			name = Debug;
		};
		3BB55B5F1DA482E5005FD17D /* Release */ = {
			isa = XCBuildConfiguration;
			baseConfigurationReference = BD785371FA074EADC5AF503D /* Pods-Coo-eTests.release.xcconfig */;
			buildSettings = {
				BUNDLE_LOADER = "$(TEST_HOST)";
				INFOPLIST_FILE = "Coo-eTests/Info.plist";
				LD_RUNPATH_SEARCH_PATHS = "$(inherited) @executable_path/Frameworks @loader_path/Frameworks";
				PRODUCT_BUNDLE_IDENTIFIER = "Atisha.Coo-eTests";
				PRODUCT_NAME = "$(TARGET_NAME)";
				SWIFT_VERSION = 3.0;
				TEST_HOST = "$(BUILT_PRODUCTS_DIR)/Coo-e.app/Coo-e";
			};
			name = Release;
		};
		3BB55B611DA482E5005FD17D /* Debug */ = {
			isa = XCBuildConfiguration;
			baseConfigurationReference = 6B3C822E6202F42717388A17 /* Pods-Coo-eUITests.debug.xcconfig */;
			buildSettings = {
				INFOPLIST_FILE = "Coo-eUITests/Info.plist";
				LD_RUNPATH_SEARCH_PATHS = "$(inherited) @executable_path/Frameworks @loader_path/Frameworks";
				PRODUCT_BUNDLE_IDENTIFIER = "Atisha.Coo-eUITests";
				PRODUCT_NAME = "$(TARGET_NAME)";
				SWIFT_VERSION = 3.0;
				TEST_TARGET_NAME = "Coo-e";
			};
			name = Debug;
		};
		3BB55B621DA482E5005FD17D /* Release */ = {
			isa = XCBuildConfiguration;
			baseConfigurationReference = FE703F4952B25F0010DB1EEE /* Pods-Coo-eUITests.release.xcconfig */;
			buildSettings = {
				INFOPLIST_FILE = "Coo-eUITests/Info.plist";
				LD_RUNPATH_SEARCH_PATHS = "$(inherited) @executable_path/Frameworks @loader_path/Frameworks";
				PRODUCT_BUNDLE_IDENTIFIER = "Atisha.Coo-eUITests";
				PRODUCT_NAME = "$(TARGET_NAME)";
				SWIFT_VERSION = 3.0;
				TEST_TARGET_NAME = "Coo-e";
			};
			name = Release;
		};
/* End XCBuildConfiguration section */

/* Begin XCConfigurationList section */
		3BB55B2A1DA482E4005FD17D /* Build configuration list for PBXProject "Coo-e" */ = {
			isa = XCConfigurationList;
			buildConfigurations = (
				3BB55B581DA482E5005FD17D /* Debug */,
				3BB55B591DA482E5005FD17D /* Release */,
			);
			defaultConfigurationIsVisible = 0;
			defaultConfigurationName = Release;
		};
		3BB55B5A1DA482E5005FD17D /* Build configuration list for PBXNativeTarget "Coo-e" */ = {
			isa = XCConfigurationList;
			buildConfigurations = (
				3BB55B5B1DA482E5005FD17D /* Debug */,
				3BB55B5C1DA482E5005FD17D /* Release */,
			);
			defaultConfigurationIsVisible = 0;
			defaultConfigurationName = Release;
		};
		3BB55B5D1DA482E5005FD17D /* Build configuration list for PBXNativeTarget "Coo-eTests" */ = {
			isa = XCConfigurationList;
			buildConfigurations = (
				3BB55B5E1DA482E5005FD17D /* Debug */,
				3BB55B5F1DA482E5005FD17D /* Release */,
			);
			defaultConfigurationIsVisible = 0;
			defaultConfigurationName = Release;
		};
		3BB55B601DA482E5005FD17D /* Build configuration list for PBXNativeTarget "Coo-eUITests" */ = {
			isa = XCConfigurationList;
			buildConfigurations = (
				3BB55B611DA482E5005FD17D /* Debug */,
				3BB55B621DA482E5005FD17D /* Release */,
			);
			defaultConfigurationIsVisible = 0;
			defaultConfigurationName = Release;
		};
/* End XCConfigurationList section */

/* Begin XCVersionGroup section */
		3BB55B391DA482E5005FD17D /* Coo_e.xcdatamodeld */ = {
			isa = XCVersionGroup;
			children = (
				3BB55B3A1DA482E5005FD17D /* Coo_e.xcdatamodel */,
			);
			currentVersion = 3BB55B3A1DA482E5005FD17D /* Coo_e.xcdatamodel */;
			path = Coo_e.xcdatamodeld;
			sourceTree = "<group>";
			versionGroupType = wrapper.xcdatamodel;
		};
/* End XCVersionGroup section */
	};
	rootObject = 3BB55B271DA482E4005FD17D /* Project object */;
}
